
Microsoft Visual Studio Solution File, Format Version 12.00
# Visual Studio Version 17
VisualStudioVersion = 17.5.33502.453
MinimumVisualStudioVersion = 10.0.40219.1
Project("{FAE04EC0-301F-11D3-BF4B-00C04F79EFBC}") = "Anime-API", "Anime-API\Anime-API.csproj", "{19895B2B-5FC5-4628-BC28-9F0AA25C54F7}"
EndProject
Global
	GlobalSection(SolutionConfigurationPlatforms) = preSolution
		Debug|Any CPU = Debug|Any CPU
		Release|Any CPU = Release|Any CPU
	EndGlobalSection
	GlobalSection(ProjectConfigurationPlatforms) = postSolution
		{19895B2B-5FC5-4628-BC28-9F0AA25C54F7}.Debug|Any CPU.ActiveCfg = Debug|Any CPU
		{19895B2B-5FC5-4628-BC28-9F0AA25C54F7}.Debug|Any CPU.Build.0 = Debug|Any CPU
		{19895B2B-5FC5-4628-BC28-9F0AA25C54F7}.Release|Any CPU.ActiveCfg = Release|Any CPU
		{19895B2B-5FC5-4628-BC28-9F0AA25C54F7}.Release|Any CPU.Build.0 = Release|Any CPU
	EndGlobalSection
	GlobalSection(SolutionProperties) = preSolution
		HideSolutionNode = FALSE
	EndGlobalSection
	GlobalSection(ExtensibilityGlobals) = postSolution
		SolutionGuid = {4C3960AC-1083-4509-B53E-495F20AC73F2}
	EndGlobalSection
EndGlobal
